
Microsoft Visual Studio Solution File, Format Version 12.00
# Visual Studio Version 17
VisualStudioVersion = 17.0.32112.339
MinimumVisualStudioVersion = 10.0.40219.1
Project("{FAE04EC0-301F-11D3-BF4B-00C04F79EFBC}") = "Web", "Web\Web.csproj", "{CABCD899-974C-4256-9E39-84EE163EF05C}"
EndProject
Project("{FAE04EC0-301F-11D3-BF4B-00C04F79EFBC}") = "Application", "Application\Application.csproj", "{7392C159-300A-48C1-9A37-519A0A9D6833}"
EndProject
Project("{FAE04EC0-301F-11D3-BF4B-00C04F79EFBC}") = "Domain", "Domain\Domain.csproj", "{AF350FD4-6146-4FDC-818F-B06409DF079C}"
EndProject
Global
	GlobalSection(SolutionConfigurationPlatforms) = preSolution
		Debug|Any CPU = Debug|Any CPU
		Release|Any CPU = Release|Any CPU
	EndGlobalSection
	GlobalSection(ProjectConfigurationPlatforms) = postSolution
		{CABCD899-974C-4256-9E39-84EE163EF05C}.Debug|Any CPU.ActiveCfg = Debug|Any CPU
		{CABCD899-974C-4256-9E39-84EE163EF05C}.Debug|Any CPU.Build.0 = Debug|Any CPU
		{CABCD899-974C-4256-9E39-84EE163EF05C}.Release|Any CPU.ActiveCfg = Release|Any CPU
		{CABCD899-974C-4256-9E39-84EE163EF05C}.Release|Any CPU.Build.0 = Release|Any CPU
		{7392C159-300A-48C1-9A37-519A0A9D6833}.Debug|Any CPU.ActiveCfg = Debug|Any CPU
		{7392C159-300A-48C1-9A37-519A0A9D6833}.Debug|Any CPU.Build.0 = Debug|Any CPU
		{7392C159-300A-48C1-9A37-519A0A9D6833}.Release|Any CPU.ActiveCfg = Release|Any CPU
		{7392C159-300A-48C1-9A37-519A0A9D6833}.Release|Any CPU.Build.0 = Release|Any CPU
		{AF350FD4-6146-4FDC-818F-B06409DF079C}.Debug|Any CPU.ActiveCfg = Debug|Any CPU
		{AF350FD4-6146-4FDC-818F-B06409DF079C}.Debug|Any CPU.Build.0 = Debug|Any CPU
		{AF350FD4-6146-4FDC-818F-B06409DF079C}.Release|Any CPU.ActiveCfg = Release|Any CPU
		{AF350FD4-6146-4FDC-818F-B06409DF079C}.Release|Any CPU.Build.0 = Release|Any CPU
	EndGlobalSection
	GlobalSection(SolutionProperties) = preSolution
		HideSolutionNode = FALSE
	EndGlobalSection
	GlobalSection(ExtensibilityGlobals) = postSolution
		SolutionGuid = {B9AFE96E-69D7-499A-9A7B-28D7181824D0}
	EndGlobalSection
EndGlobal
